
Microsoft Visual Studio Solution File, Format Version 12.00
# Visual Studio Version 17
VisualStudioVersion = 17.11.35312.102
MinimumVisualStudioVersion = 10.0.40219.1
Project("{FAE04EC0-301F-11D3-BF4B-00C04F79EFBC}") = "FengShuiKoi.WebApp", "..\FengShuiKoi.WebApp\FengShuiKoi.WebApp.csproj", "{7900022E-0E30-4230-87DF-9A8E432D0733}"
EndProject
Project("{FAE04EC0-301F-11D3-BF4B-00C04F79EFBC}") = "FengShuiKoi.Services", "..\FengShuiKoi.Services\FengShuiKoi.Services.csproj", "{43E321D5-6561-4427-A32B-5A04AD9B2EC8}"
EndProject
Project("{FAE04EC0-301F-11D3-BF4B-00C04F79EFBC}") = "FengShuiKoi.Reponsitories", "..\FengShuiKoi.Reponsitories\FengShuiKoi.Reponsitories.csproj", "{2D6664F0-47DE-4701-9B17-0FB739468DCA}"
EndProject
Global
	GlobalSection(SolutionConfigurationPlatforms) = preSolution
		Debug|Any CPU = Debug|Any CPU
		Release|Any CPU = Release|Any CPU
	EndGlobalSection
	GlobalSection(ProjectConfigurationPlatforms) = postSolution
		{7900022E-0E30-4230-87DF-9A8E432D0733}.Debug|Any CPU.ActiveCfg = Debug|Any CPU
		{7900022E-0E30-4230-87DF-9A8E432D0733}.Debug|Any CPU.Build.0 = Debug|Any CPU
		{7900022E-0E30-4230-87DF-9A8E432D0733}.Release|Any CPU.ActiveCfg = Release|Any CPU
		{7900022E-0E30-4230-87DF-9A8E432D0733}.Release|Any CPU.Build.0 = Release|Any CPU
		{43E321D5-6561-4427-A32B-5A04AD9B2EC8}.Debug|Any CPU.ActiveCfg = Debug|Any CPU
		{43E321D5-6561-4427-A32B-5A04AD9B2EC8}.Debug|Any CPU.Build.0 = Debug|Any CPU
		{43E321D5-6561-4427-A32B-5A04AD9B2EC8}.Release|Any CPU.ActiveCfg = Release|Any CPU
		{43E321D5-6561-4427-A32B-5A04AD9B2EC8}.Release|Any CPU.Build.0 = Release|Any CPU
		{2D6664F0-47DE-4701-9B17-0FB739468DCA}.Debug|Any CPU.ActiveCfg = Debug|Any CPU
		{2D6664F0-47DE-4701-9B17-0FB739468DCA}.Debug|Any CPU.Build.0 = Debug|Any CPU
		{2D6664F0-47DE-4701-9B17-0FB739468DCA}.Release|Any CPU.ActiveCfg = Release|Any CPU
		{2D6664F0-47DE-4701-9B17-0FB739468DCA}.Release|Any CPU.Build.0 = Release|Any CPU
	EndGlobalSection
	GlobalSection(SolutionProperties) = preSolution
		HideSolutionNode = FALSE
	EndGlobalSection
	GlobalSection(ExtensibilityGlobals) = postSolution
		SolutionGuid = {10EE4F17-B590-4780-AE8A-941B22E04B1B}
	EndGlobalSection
EndGlobal
