
Microsoft Visual Studio Solution File, Format Version 12.00
# Visual Studio Version 17
VisualStudioVersion = 17.11.35303.130
MinimumVisualStudioVersion = 10.0.40219.1
Project("{FAE04EC0-301F-11D3-BF4B-00C04F79EFBC}") = "WebApplication4", "WebApplication4\WebApplication4.csproj", "{8397E592-E8D4-4AB5-835D-F22F024D4C91}"
EndProject
Global
	GlobalSection(SolutionConfigurationPlatforms) = preSolution
		Debug|Any CPU = Debug|Any CPU
		Release|Any CPU = Release|Any CPU
	EndGlobalSection
	GlobalSection(ProjectConfigurationPlatforms) = postSolution
		{8397E592-E8D4-4AB5-835D-F22F024D4C91}.Debug|Any CPU.ActiveCfg = Debug|Any CPU
		{8397E592-E8D4-4AB5-835D-F22F024D4C91}.Debug|Any CPU.Build.0 = Debug|Any CPU
		{8397E592-E8D4-4AB5-835D-F22F024D4C91}.Release|Any CPU.ActiveCfg = Release|Any CPU
		{8397E592-E8D4-4AB5-835D-F22F024D4C91}.Release|Any CPU.Build.0 = Release|Any CPU
	EndGlobalSection
	GlobalSection(SolutionProperties) = preSolution
		HideSolutionNode = FALSE
	EndGlobalSection
	GlobalSection(ExtensibilityGlobals) = postSolution
		SolutionGuid = {042241B6-D7FA-4DA9-8A68-D6749771914C}
	EndGlobalSection
EndGlobal
